
Microsoft Visual Studio Solution File, Format Version 12.00
# Visual Studio Version 17
VisualStudioVersion = 17.10.35027.167
MinimumVisualStudioVersion = 10.0.40219.1
Project("{FAE04EC0-301F-11D3-BF4B-00C04F79EFBC}") = "StockMarketAPI", "StockMarketAPI\StockMarketAPI.csproj", "{D049DCE1-EB23-4D2E-9F84-73A0FC88E161}"
EndProject
Global
	GlobalSection(SolutionConfigurationPlatforms) = preSolution
		Debug|Any CPU = Debug|Any CPU
		Release|Any CPU = Release|Any CPU
	EndGlobalSection
	GlobalSection(ProjectConfigurationPlatforms) = postSolution
		{D049DCE1-EB23-4D2E-9F84-73A0FC88E161}.Debug|Any CPU.ActiveCfg = Debug|Any CPU
		{D049DCE1-EB23-4D2E-9F84-73A0FC88E161}.Debug|Any CPU.Build.0 = Debug|Any CPU
		{D049DCE1-EB23-4D2E-9F84-73A0FC88E161}.Release|Any CPU.ActiveCfg = Release|Any CPU
		{D049DCE1-EB23-4D2E-9F84-73A0FC88E161}.Release|Any CPU.Build.0 = Release|Any CPU
	EndGlobalSection
	GlobalSection(SolutionProperties) = preSolution
		HideSolutionNode = FALSE
	EndGlobalSection
	GlobalSection(ExtensibilityGlobals) = postSolution
		SolutionGuid = {1D4B2C8D-152C-4DD1-AEE9-102E4FF3BA20}
	EndGlobalSection
EndGlobal
